
Microsoft Visual Studio Solution File, Format Version 12.00
# Visual Studio 15
VisualStudioVersion = 15.0.28307.1062
MinimumVisualStudioVersion = 10.0.40219.1
Project("{9A19103F-16F7-4668-BE54-9A1E7A4F7556}") = "GraphQLSimpleTalk", "GraphQLSimpleTalk.csproj", "{930E5BF3-55BE-458C-B03E-10407FF31378}"
EndProject
Global
	GlobalSection(SolutionConfigurationPlatforms) = preSolution
		Debug|Any CPU = Debug|Any CPU
		Release|Any CPU = Release|Any CPU
	EndGlobalSection
	GlobalSection(ProjectConfigurationPlatforms) = postSolution
		{930E5BF3-55BE-458C-B03E-10407FF31378}.Debug|Any CPU.ActiveCfg = Debug|Any CPU
		{930E5BF3-55BE-458C-B03E-10407FF31378}.Debug|Any CPU.Build.0 = Debug|Any CPU
		{930E5BF3-55BE-458C-B03E-10407FF31378}.Release|Any CPU.ActiveCfg = Release|Any CPU
		{930E5BF3-55BE-458C-B03E-10407FF31378}.Release|Any CPU.Build.0 = Release|Any CPU
	EndGlobalSection
	GlobalSection(SolutionProperties) = preSolution
		HideSolutionNode = FALSE
	EndGlobalSection
	GlobalSection(ExtensibilityGlobals) = postSolution
		SolutionGuid = {761D96D5-6CD7-437C-AFB9-641343C0579A}
	EndGlobalSection
EndGlobal
